
Microsoft Visual Studio Solution File, Format Version 12.00
# Visual Studio Express 14 for Web
VisualStudioVersion = 14.0.22823.1
MinimumVisualStudioVersion = 10.0.40219.1
Project("{2150E333-8FDC-42A3-9474-1A3956D46DE8}") = "src", "src", "{4E27C0B1-7F6A-433A-843A-A12606A1A7E9}"
EndProject
Project("{2150E333-8FDC-42A3-9474-1A3956D46DE8}") = "Solution Items", "Solution Items", "{CBBD4695-B0B6-485C-B447-02CC15E4E04C}"
	ProjectSection(SolutionItems) = preProject
		global.json = global.json
	EndProjectSection
EndProject
Project("{8BB2217D-0F2D-49D1-97BC-3654ED321F3B}") = "DD4T.WebApplication", "src\DD4T.WebApplication\DD4T.WebApplication.xproj", "{673F0D4B-F386-46F6-9537-A43115CA9F16}"
EndProject
Project("{2150E333-8FDC-42A3-9474-1A3956D46DE8}") = "DD4T", "DD4T", "{E4D83A0D-A385-44E6-B863-9992429AB02F}"
EndProject
Project("{8BB2217D-0F2D-49D1-97BC-3654ED321F3B}") = "DD4T.Mvc", "src\DD4T\DD4T.Mvc\DD4T.Mvc.xproj", "{29B2D090-14B7-4554-82BA-D7F3F6AA4F29}"
EndProject
Project("{8BB2217D-0F2D-49D1-97BC-3654ED321F3B}") = "DD4T.ContentModel.Contracts", "src\DD4T\DD4T.ContentModel.Contracts\DD4T.ContentModel.Contracts.xproj", "{CE5CCB43-4051-4499-82F8-D990ADE121A7}"
EndProject
Project("{8BB2217D-0F2D-49D1-97BC-3654ED321F3B}") = "DD4T.ContentModel", "src\DD4T\DD4T.ContentModel\DD4T.ContentModel.xproj", "{46085028-E198-4EA9-92EC-F700FAB0246B}"
EndProject
Project("{8BB2217D-0F2D-49D1-97BC-3654ED321F3B}") = "DD4T.Factories", "src\DD4T\DD4T.Factories\DD4T.Factories.xproj", "{3F674B9B-16AA-4169-9E21-8BED89491A04}"
EndProject
Project("{8BB2217D-0F2D-49D1-97BC-3654ED321F3B}") = "DD4T.Providers.Mock", "src\DD4T\DD4T.Providers.Mock\DD4T.Providers.Mock.xproj", "{D45E8B64-3730-4960-9F59-B8D477FE7796}"
EndProject
Project("{8BB2217D-0F2D-49D1-97BC-3654ED321F3B}") = "DD4T.Utils", "src\DD4T\DD4T.Utils\DD4T.Utils.xproj", "{A517C497-57E2-4B8C-B2E6-24CC35B7C23D}"
EndProject
Global
	GlobalSection(SolutionConfigurationPlatforms) = preSolution
		Debug|Any CPU = Debug|Any CPU
		Release|Any CPU = Release|Any CPU
	EndGlobalSection
	GlobalSection(ProjectConfigurationPlatforms) = postSolution
		{673F0D4B-F386-46F6-9537-A43115CA9F16}.Debug|Any CPU.ActiveCfg = Debug|Any CPU
		{673F0D4B-F386-46F6-9537-A43115CA9F16}.Debug|Any CPU.Build.0 = Debug|Any CPU
		{673F0D4B-F386-46F6-9537-A43115CA9F16}.Release|Any CPU.ActiveCfg = Release|Any CPU
		{673F0D4B-F386-46F6-9537-A43115CA9F16}.Release|Any CPU.Build.0 = Release|Any CPU
		{29B2D090-14B7-4554-82BA-D7F3F6AA4F29}.Debug|Any CPU.ActiveCfg = Debug|Any CPU
		{29B2D090-14B7-4554-82BA-D7F3F6AA4F29}.Debug|Any CPU.Build.0 = Debug|Any CPU
		{29B2D090-14B7-4554-82BA-D7F3F6AA4F29}.Release|Any CPU.ActiveCfg = Release|Any CPU
		{29B2D090-14B7-4554-82BA-D7F3F6AA4F29}.Release|Any CPU.Build.0 = Release|Any CPU
		{CE5CCB43-4051-4499-82F8-D990ADE121A7}.Debug|Any CPU.ActiveCfg = Debug|Any CPU
		{CE5CCB43-4051-4499-82F8-D990ADE121A7}.Debug|Any CPU.Build.0 = Debug|Any CPU
		{CE5CCB43-4051-4499-82F8-D990ADE121A7}.Release|Any CPU.ActiveCfg = Release|Any CPU
		{CE5CCB43-4051-4499-82F8-D990ADE121A7}.Release|Any CPU.Build.0 = Release|Any CPU
		{46085028-E198-4EA9-92EC-F700FAB0246B}.Debug|Any CPU.ActiveCfg = Debug|Any CPU
		{46085028-E198-4EA9-92EC-F700FAB0246B}.Debug|Any CPU.Build.0 = Debug|Any CPU
		{46085028-E198-4EA9-92EC-F700FAB0246B}.Release|Any CPU.ActiveCfg = Release|Any CPU
		{46085028-E198-4EA9-92EC-F700FAB0246B}.Release|Any CPU.Build.0 = Release|Any CPU
		{3F674B9B-16AA-4169-9E21-8BED89491A04}.Debug|Any CPU.ActiveCfg = Debug|Any CPU
		{3F674B9B-16AA-4169-9E21-8BED89491A04}.Debug|Any CPU.Build.0 = Debug|Any CPU
		{3F674B9B-16AA-4169-9E21-8BED89491A04}.Release|Any CPU.ActiveCfg = Release|Any CPU
		{3F674B9B-16AA-4169-9E21-8BED89491A04}.Release|Any CPU.Build.0 = Release|Any CPU
		{D45E8B64-3730-4960-9F59-B8D477FE7796}.Debug|Any CPU.ActiveCfg = Debug|Any CPU
		{D45E8B64-3730-4960-9F59-B8D477FE7796}.Debug|Any CPU.Build.0 = Debug|Any CPU
		{D45E8B64-3730-4960-9F59-B8D477FE7796}.Release|Any CPU.ActiveCfg = Release|Any CPU
		{D45E8B64-3730-4960-9F59-B8D477FE7796}.Release|Any CPU.Build.0 = Release|Any CPU
		{A517C497-57E2-4B8C-B2E6-24CC35B7C23D}.Debug|Any CPU.ActiveCfg = Debug|Any CPU
		{A517C497-57E2-4B8C-B2E6-24CC35B7C23D}.Debug|Any CPU.Build.0 = Debug|Any CPU
		{A517C497-57E2-4B8C-B2E6-24CC35B7C23D}.Release|Any CPU.ActiveCfg = Release|Any CPU
		{A517C497-57E2-4B8C-B2E6-24CC35B7C23D}.Release|Any CPU.Build.0 = Release|Any CPU
	EndGlobalSection
	GlobalSection(SolutionProperties) = preSolution
		HideSolutionNode = FALSE
	EndGlobalSection
	GlobalSection(NestedProjects) = preSolution
		{673F0D4B-F386-46F6-9537-A43115CA9F16} = {4E27C0B1-7F6A-433A-843A-A12606A1A7E9}
		{E4D83A0D-A385-44E6-B863-9992429AB02F} = {4E27C0B1-7F6A-433A-843A-A12606A1A7E9}
		{29B2D090-14B7-4554-82BA-D7F3F6AA4F29} = {E4D83A0D-A385-44E6-B863-9992429AB02F}
		{CE5CCB43-4051-4499-82F8-D990ADE121A7} = {E4D83A0D-A385-44E6-B863-9992429AB02F}
		{46085028-E198-4EA9-92EC-F700FAB0246B} = {E4D83A0D-A385-44E6-B863-9992429AB02F}
		{3F674B9B-16AA-4169-9E21-8BED89491A04} = {E4D83A0D-A385-44E6-B863-9992429AB02F}
		{D45E8B64-3730-4960-9F59-B8D477FE7796} = {E4D83A0D-A385-44E6-B863-9992429AB02F}
		{A517C497-57E2-4B8C-B2E6-24CC35B7C23D} = {E4D83A0D-A385-44E6-B863-9992429AB02F}
	EndGlobalSection
EndGlobal
